
Microsoft Visual Studio Solution File, Format Version 12.00
# Visual Studio Version 16
VisualStudioVersion = 16.0.29519.181
MinimumVisualStudioVersion = 10.0.40219.1
Project("{FAE04EC0-301F-11D3-BF4B-00C04F79EFBC}") = "Student_Shuffle", "Student_Shuffle\Student_Shuffle.csproj", "{F1F49108-A498-40D7-849C-4DBC18B86B95}"
EndProject
Global
	GlobalSection(SolutionConfigurationPlatforms) = preSolution
		Debug|Any CPU = Debug|Any CPU
		Release|Any CPU = Release|Any CPU
	EndGlobalSection
	GlobalSection(ProjectConfigurationPlatforms) = postSolution
		{F1F49108-A498-40D7-849C-4DBC18B86B95}.Debug|Any CPU.ActiveCfg = Debug|Any CPU
		{F1F49108-A498-40D7-849C-4DBC18B86B95}.Debug|Any CPU.Build.0 = Debug|Any CPU
		{F1F49108-A498-40D7-849C-4DBC18B86B95}.Release|Any CPU.ActiveCfg = Release|Any CPU
		{F1F49108-A498-40D7-849C-4DBC18B86B95}.Release|Any CPU.Build.0 = Release|Any CPU
	EndGlobalSection
	GlobalSection(SolutionProperties) = preSolution
		HideSolutionNode = FALSE
	EndGlobalSection
	GlobalSection(ExtensibilityGlobals) = postSolution
		SolutionGuid = {07445CF8-B0AC-4AF6-824F-6D16AD3120A3}
	EndGlobalSection
EndGlobal
